<?xml version="1.0" encoding="utf-8"?>
<Project ToolsVersion="4.0" xmlns="http://schemas.microsoft.com/developer/msbuild/2003">
  <ItemGroup>
    <Filter Include="Chronogine">
      <UniqueIdentifier>{91447B35-7DFC-BC82-E603-96DED2DA5773}</UniqueIdentifier>
    </Filter>
    <Filter Include="Chronogine\Events">
      <UniqueIdentifier>{550366F6-C119-648C-0A91-EFAD76E63414}</UniqueIdentifier>
    </Filter>
    <Filter Include="Chronogine\Platform">
      <UniqueIdentifier>{05341244-7195-EF51-FA02-360466632611}</UniqueIdentifier>
    </Filter>
    <Filter Include="Chronogine\Platform\Windows">
      <UniqueIdentifier>{3F138249-AB20-B02F-3407-AC1AA0137CE6}</UniqueIdentifier>
    </Filter>
  </ItemGroup>
  <ItemGroup>
    <ClInclude Include="src\Chronogine.h" />
    <ClInclude Include="src\Chronogine\Application.h">
      <Filter>Chronogine</Filter>
    </ClInclude>
    <ClInclude Include="src\Chronogine\Core.h">
      <Filter>Chronogine</Filter>
    </ClInclude>
    <ClInclude Include="src\Chronogine\EntryPoint.h">
      <Filter>Chronogine</Filter>
    </ClInclude>
    <ClInclude Include="src\Chronogine\Events\ApplicationEvent.h">
      <Filter>Chronogine\Events</Filter>
    </ClInclude>
    <ClInclude Include="src\Chronogine\Events\Event.h">
      <Filter>Chronogine\Events</Filter>
    </ClInclude>
    <ClInclude Include="src\Chronogine\Events\KeyEvent.h">
      <Filter>Chronogine\Events</Filter>
    </ClInclude>
    <ClInclude Include="src\Chronogine\Events\MouseEvent.h">
      <Filter>Chronogine\Events</Filter>
    </ClInclude>
    <ClInclude Include="src\Chronogine\Log.h">
      <Filter>Chronogine</Filter>
    </ClInclude>
    <ClInclude Include="src\Chronogine\Platform\Windows\WindowsWindow.h">
      <Filter>Chronogine\Platform\Windows</Filter>
    </ClInclude>
    <ClInclude Include="src\Chronogine\Window.h">
      <Filter>Chronogine</Filter>
    </ClInclude>
    <ClInclude Include="src\cepch.h" />
  </ItemGroup>
  <ItemGroup>
    <ClCompile Include="src\Chronogine\Application.cpp">
      <Filter>Chronogine</Filter>
    </ClCompile>
    <ClCompile Include="src\Chronogine\Log.cpp">
      <Filter>Chronogine</Filter>
    </ClCompile>
    <ClCompile Include="src\Chronogine\Platform\Windows\WindowsWindow.cpp">
      <Filter>Chronogine\Platform\Windows</Filter>
    </ClCompile>
    <ClCompile Include="src\cepch.cpp" />
  </ItemGroup>
</Project>