
Microsoft Visual Studio Solution File, Format Version 12.00
# Visual Studio Version 17
VisualStudioVersion = 17.2.32526.322
MinimumVisualStudioVersion = 10.0.40219.1
Project("{8BC9CEB8-8B4A-11D0-8D11-00A0C91BC942}") = "Sandbox", "Sandbox\Sandbox.vcxproj", "{601133A8-5249-4046-8E13-B12EF679CFB4}"
EndProject
Project("{8BC9CEB8-8B4A-11D0-8D11-00A0C91BC942}") = "Chronogine", "Chronogine\Chronogine.vcxproj", "{F566A25F-042C-41F2-904D-18069B747ABA}"
EndProject
Global
	GlobalSection(SolutionConfigurationPlatforms) = preSolution
		Debug|x64 = Debug|x64
		Release|x64 = Release|x64
	EndGlobalSection
	GlobalSection(ProjectConfigurationPlatforms) = postSolution
		{F566A25F-042C-41F2-904D-18069B747ABA}.Debug|x64.ActiveCfg = Debug|x64
		{F566A25F-042C-41F2-904D-18069B747ABA}.Debug|x64.Build.0 = Debug|x64
		{F566A25F-042C-41F2-904D-18069B747ABA}.Release|x64.ActiveCfg = Release|x64
		{F566A25F-042C-41F2-904D-18069B747ABA}.Release|x64.Build.0 = Release|x64
		{601133A8-5249-4046-8E13-B12EF679CFB4}.Debug|x64.ActiveCfg = Debug|x64
		{601133A8-5249-4046-8E13-B12EF679CFB4}.Debug|x64.Build.0 = Debug|x64
		{601133A8-5249-4046-8E13-B12EF679CFB4}.Release|x64.ActiveCfg = Release|x64
		{601133A8-5249-4046-8E13-B12EF679CFB4}.Release|x64.Build.0 = Release|x64
	EndGlobalSection
	GlobalSection(SolutionProperties) = preSolution
		HideSolutionNode = FALSE
	EndGlobalSection
	GlobalSection(ExtensibilityGlobals) = postSolution
		SolutionGuid = {70234D0C-D539-4331-92E7-680607808723}
	EndGlobalSection
EndGlobal
